
Microsoft Visual Studio Solution File, Format Version 12.00
# Visual Studio 15
VisualStudioVersion = 15.0.27428.2015
MinimumVisualStudioVersion = 10.0.40219.1
Project("{FAE04EC0-301F-11D3-BF4B-00C04F79EFBC}") = "poe-trade-tracker", "poe-trade-tracker\poe-trade-tracker.csproj", "{8BEED9BA-6418-43C6-AA70-55E37222B3FA}"
EndProject
Project("{FAE04EC0-301F-11D3-BF4B-00C04F79EFBC}") = "poe-trade-trackerTests", "poe-trade-trackerTests\poe-trade-trackerTests.csproj", "{7F606DBB-55A9-480C-B663-88C6AC665EBD}"
EndProject
Global
	GlobalSection(SolutionConfigurationPlatforms) = preSolution
		Debug|Any CPU = Debug|Any CPU
		Release|Any CPU = Release|Any CPU
	EndGlobalSection
	GlobalSection(ProjectConfigurationPlatforms) = postSolution
		{8BEED9BA-6418-43C6-AA70-55E37222B3FA}.Debug|Any CPU.ActiveCfg = Debug|Any CPU
		{8BEED9BA-6418-43C6-AA70-55E37222B3FA}.Debug|Any CPU.Build.0 = Debug|Any CPU
		{8BEED9BA-6418-43C6-AA70-55E37222B3FA}.Release|Any CPU.ActiveCfg = Release|Any CPU
		{8BEED9BA-6418-43C6-AA70-55E37222B3FA}.Release|Any CPU.Build.0 = Release|Any CPU
		{7F606DBB-55A9-480C-B663-88C6AC665EBD}.Debug|Any CPU.ActiveCfg = Debug|Any CPU
		{7F606DBB-55A9-480C-B663-88C6AC665EBD}.Debug|Any CPU.Build.0 = Debug|Any CPU
		{7F606DBB-55A9-480C-B663-88C6AC665EBD}.Release|Any CPU.ActiveCfg = Release|Any CPU
		{7F606DBB-55A9-480C-B663-88C6AC665EBD}.Release|Any CPU.Build.0 = Release|Any CPU
	EndGlobalSection
	GlobalSection(SolutionProperties) = preSolution
		HideSolutionNode = FALSE
	EndGlobalSection
	GlobalSection(ExtensibilityGlobals) = postSolution
		SolutionGuid = {749733AA-3B83-4F7E-9D5B-587B16341113}
	EndGlobalSection
EndGlobal
